
Microsoft Visual Studio Solution File, Format Version 12.00
# Visual Studio Version 16
VisualStudioVersion = 16.0.31624.102
MinimumVisualStudioVersion = 10.0.40219.1
Project("{FAE04EC0-301F-11D3-BF4B-00C04F79EFBC}") = "homework8", "homework8\homework8.csproj", "{9F16B5CA-9795-4D77-A501-6A2E4BC5FA1C}"
EndProject
Global
	GlobalSection(SolutionConfigurationPlatforms) = preSolution
		Debug|Any CPU = Debug|Any CPU
		Release|Any CPU = Release|Any CPU
	EndGlobalSection
	GlobalSection(ProjectConfigurationPlatforms) = postSolution
		{9F16B5CA-9795-4D77-A501-6A2E4BC5FA1C}.Debug|Any CPU.ActiveCfg = Debug|Any CPU
		{9F16B5CA-9795-4D77-A501-6A2E4BC5FA1C}.Debug|Any CPU.Build.0 = Debug|Any CPU
		{9F16B5CA-9795-4D77-A501-6A2E4BC5FA1C}.Release|Any CPU.ActiveCfg = Release|Any CPU
		{9F16B5CA-9795-4D77-A501-6A2E4BC5FA1C}.Release|Any CPU.Build.0 = Release|Any CPU
	EndGlobalSection
	GlobalSection(SolutionProperties) = preSolution
		HideSolutionNode = FALSE
	EndGlobalSection
	GlobalSection(ExtensibilityGlobals) = postSolution
		SolutionGuid = {7F998B69-8F9F-4C98-AAF8-909D95D1C1B6}
	EndGlobalSection
EndGlobal
